
Microsoft Visual Studio Solution File, Format Version 10.00
# Visual C# Express 2008
Project("{FAE04EC0-301F-11D3-BF4B-00C04F79EFBC}") = "AnalyzeGdp", "AnalyzeGdp.csproj", "{2F926B2F-3968-4F65-A67E-2B5F95E1B5CD}"
EndProject
Global
	GlobalSection(SolutionConfigurationPlatforms) = preSolution
		Debug|Any CPU = Debug|Any CPU
		Release|Any CPU = Release|Any CPU
	EndGlobalSection
	GlobalSection(ProjectConfigurationPlatforms) = postSolution
		{2F926B2F-3968-4F65-A67E-2B5F95E1B5CD}.Debug|Any CPU.ActiveCfg = Debug|Any CPU
		{2F926B2F-3968-4F65-A67E-2B5F95E1B5CD}.Debug|Any CPU.Build.0 = Debug|Any CPU
		{2F926B2F-3968-4F65-A67E-2B5F95E1B5CD}.Release|Any CPU.ActiveCfg = Release|Any CPU
		{2F926B2F-3968-4F65-A67E-2B5F95E1B5CD}.Release|Any CPU.Build.0 = Release|Any CPU
	EndGlobalSection
	GlobalSection(SolutionProperties) = preSolution
		HideSolutionNode = FALSE
	EndGlobalSection
EndGlobal
