
Microsoft Visual Studio Solution File, Format Version 12.00
# Visual Studio 15
VisualStudioVersion = 15.0.26430.16
MinimumVisualStudioVersion = 10.0.40219.1
Project("{FAE04EC0-301F-11D3-BF4B-00C04F79EFBC}") = "DualCubeOctahedron", "DualCubeOctahedron.csproj", "{F374749E-1B3B-4C0A-B3CB-39F7A2CC636E}"
EndProject
Global
	GlobalSection(SolutionConfigurationPlatforms) = preSolution
		Debug|Any CPU = Debug|Any CPU
		Release|Any CPU = Release|Any CPU
	EndGlobalSection
	GlobalSection(ProjectConfigurationPlatforms) = postSolution
		{F374749E-1B3B-4C0A-B3CB-39F7A2CC636E}.Debug|Any CPU.ActiveCfg = Debug|Any CPU
		{F374749E-1B3B-4C0A-B3CB-39F7A2CC636E}.Debug|Any CPU.Build.0 = Debug|Any CPU
		{F374749E-1B3B-4C0A-B3CB-39F7A2CC636E}.Release|Any CPU.ActiveCfg = Release|Any CPU
		{F374749E-1B3B-4C0A-B3CB-39F7A2CC636E}.Release|Any CPU.Build.0 = Release|Any CPU
	EndGlobalSection
	GlobalSection(SolutionProperties) = preSolution
		HideSolutionNode = FALSE
	EndGlobalSection
EndGlobal
