
Microsoft Visual Studio Solution File, Format Version 10.00
# Visual C# Express 2008
Project("{FAE04EC0-301F-11D3-BF4B-00C04F79EFBC}") = "Interlocked", "Interlocked.csproj", "{BDF6CE85-2500-40AA-9658-29E1136A0807}"
EndProject
Global
	GlobalSection(SolutionConfigurationPlatforms) = preSolution
		Debug|Any CPU = Debug|Any CPU
		Release|Any CPU = Release|Any CPU
	EndGlobalSection
	GlobalSection(ProjectConfigurationPlatforms) = postSolution
		{BDF6CE85-2500-40AA-9658-29E1136A0807}.Debug|Any CPU.ActiveCfg = Debug|Any CPU
		{BDF6CE85-2500-40AA-9658-29E1136A0807}.Debug|Any CPU.Build.0 = Debug|Any CPU
		{BDF6CE85-2500-40AA-9658-29E1136A0807}.Release|Any CPU.ActiveCfg = Release|Any CPU
		{BDF6CE85-2500-40AA-9658-29E1136A0807}.Release|Any CPU.Build.0 = Release|Any CPU
	EndGlobalSection
	GlobalSection(SolutionProperties) = preSolution
		HideSolutionNode = FALSE
	EndGlobalSection
EndGlobal
